
Microsoft Visual Studio Solution File, Format Version 12.00
# Visual Studio Version 17
VisualStudioVersion = 17.14.36623.8
MinimumVisualStudioVersion = 10.0.40219.1
Project("{2150E333-8FDC-42A3-9474-1A3956D46DE8}") = "src", "src", "{51CBFFFA-2D39-456F-B6CA-6563AFC71F49}"
EndProject
Project("{2150E333-8FDC-42A3-9474-1A3956D46DE8}") = "Backend", "Backend", "{02EA681E-C7D8-13C7-8484-4AC65E1B71E8}"
EndProject
Project("{2150E333-8FDC-42A3-9474-1A3956D46DE8}") = "Shared", "Shared", "{477835BA-9916-4041-B9C8-B34C6F5EB912}"
EndProject
Project("{FAE04EC0-301F-11D3-BF4B-00C04F79EFBC}") = "Anchor.API", "src\Backend\Anchor.API\Anchor.API.csproj", "{F28A94EE-0C79-43E0-8D7C-2F7068C51551}"
EndProject
Project("{FAE04EC0-301F-11D3-BF4B-00C04F79EFBC}") = "Anchor.Application", "src\Backend\Anchor.Application\Anchor.Application.csproj", "{197C13F2-31B9-4CFC-8F9D-F91E35314156}"
EndProject
Project("{FAE04EC0-301F-11D3-BF4B-00C04F79EFBC}") = "Anchor.Infrastructure", "src\Backend\Anchor.API\Anchor.Infrastructure\Anchor.Infrastructure.csproj", "{ABC4E3E8-566E-4932-9E88-C55BEA979DB5}"
EndProject
Project("{FAE04EC0-301F-11D3-BF4B-00C04F79EFBC}") = "Anchor.Domain", "src\Backend\Anchor.Domain\Anchor.Domain.csproj", "{3B320C0C-3C58-407A-9693-406A7CA26D6C}"
EndProject
Project("{FAE04EC0-301F-11D3-BF4B-00C04F79EFBC}") = "Anchor.Communication", "src\Shared\Anchor.Communication\Anchor.Communication.csproj", "{F5D311C8-ED3A-41DA-97F7-E39FD89EE4D2}"
EndProject
Project("{FAE04EC0-301F-11D3-BF4B-00C04F79EFBC}") = "Anchor.Exceptions", "src\Shared\Anchor.Exceptions\Anchor.Exceptions.csproj", "{5886FBD9-8AAD-4CA6-84B8-AC15919EAFE1}"
EndProject
Global
	GlobalSection(SolutionConfigurationPlatforms) = preSolution
		Debug|Any CPU = Debug|Any CPU
		Release|Any CPU = Release|Any CPU
	EndGlobalSection
	GlobalSection(ProjectConfigurationPlatforms) = postSolution
		{F28A94EE-0C79-43E0-8D7C-2F7068C51551}.Debug|Any CPU.ActiveCfg = Debug|Any CPU
		{F28A94EE-0C79-43E0-8D7C-2F7068C51551}.Debug|Any CPU.Build.0 = Debug|Any CPU
		{F28A94EE-0C79-43E0-8D7C-2F7068C51551}.Release|Any CPU.ActiveCfg = Release|Any CPU
		{F28A94EE-0C79-43E0-8D7C-2F7068C51551}.Release|Any CPU.Build.0 = Release|Any CPU
		{197C13F2-31B9-4CFC-8F9D-F91E35314156}.Debug|Any CPU.ActiveCfg = Debug|Any CPU
		{197C13F2-31B9-4CFC-8F9D-F91E35314156}.Debug|Any CPU.Build.0 = Debug|Any CPU
		{197C13F2-31B9-4CFC-8F9D-F91E35314156}.Release|Any CPU.ActiveCfg = Release|Any CPU
		{197C13F2-31B9-4CFC-8F9D-F91E35314156}.Release|Any CPU.Build.0 = Release|Any CPU
		{ABC4E3E8-566E-4932-9E88-C55BEA979DB5}.Debug|Any CPU.ActiveCfg = Debug|Any CPU
		{ABC4E3E8-566E-4932-9E88-C55BEA979DB5}.Debug|Any CPU.Build.0 = Debug|Any CPU
		{ABC4E3E8-566E-4932-9E88-C55BEA979DB5}.Release|Any CPU.ActiveCfg = Release|Any CPU
		{ABC4E3E8-566E-4932-9E88-C55BEA979DB5}.Release|Any CPU.Build.0 = Release|Any CPU
		{3B320C0C-3C58-407A-9693-406A7CA26D6C}.Debug|Any CPU.ActiveCfg = Debug|Any CPU
		{3B320C0C-3C58-407A-9693-406A7CA26D6C}.Debug|Any CPU.Build.0 = Debug|Any CPU
		{3B320C0C-3C58-407A-9693-406A7CA26D6C}.Release|Any CPU.ActiveCfg = Release|Any CPU
		{3B320C0C-3C58-407A-9693-406A7CA26D6C}.Release|Any CPU.Build.0 = Release|Any CPU
		{F5D311C8-ED3A-41DA-97F7-E39FD89EE4D2}.Debug|Any CPU.ActiveCfg = Debug|Any CPU
		{F5D311C8-ED3A-41DA-97F7-E39FD89EE4D2}.Debug|Any CPU.Build.0 = Debug|Any CPU
		{F5D311C8-ED3A-41DA-97F7-E39FD89EE4D2}.Release|Any CPU.ActiveCfg = Release|Any CPU
		{F5D311C8-ED3A-41DA-97F7-E39FD89EE4D2}.Release|Any CPU.Build.0 = Release|Any CPU
		{5886FBD9-8AAD-4CA6-84B8-AC15919EAFE1}.Debug|Any CPU.ActiveCfg = Debug|Any CPU
		{5886FBD9-8AAD-4CA6-84B8-AC15919EAFE1}.Debug|Any CPU.Build.0 = Debug|Any CPU
		{5886FBD9-8AAD-4CA6-84B8-AC15919EAFE1}.Release|Any CPU.ActiveCfg = Release|Any CPU
		{5886FBD9-8AAD-4CA6-84B8-AC15919EAFE1}.Release|Any CPU.Build.0 = Release|Any CPU
	EndGlobalSection
	GlobalSection(SolutionProperties) = preSolution
		HideSolutionNode = FALSE
	EndGlobalSection
	GlobalSection(NestedProjects) = preSolution
		{02EA681E-C7D8-13C7-8484-4AC65E1B71E8} = {51CBFFFA-2D39-456F-B6CA-6563AFC71F49}
		{477835BA-9916-4041-B9C8-B34C6F5EB912} = {51CBFFFA-2D39-456F-B6CA-6563AFC71F49}
		{F28A94EE-0C79-43E0-8D7C-2F7068C51551} = {02EA681E-C7D8-13C7-8484-4AC65E1B71E8}
		{197C13F2-31B9-4CFC-8F9D-F91E35314156} = {02EA681E-C7D8-13C7-8484-4AC65E1B71E8}
		{ABC4E3E8-566E-4932-9E88-C55BEA979DB5} = {02EA681E-C7D8-13C7-8484-4AC65E1B71E8}
		{3B320C0C-3C58-407A-9693-406A7CA26D6C} = {02EA681E-C7D8-13C7-8484-4AC65E1B71E8}
		{F5D311C8-ED3A-41DA-97F7-E39FD89EE4D2} = {477835BA-9916-4041-B9C8-B34C6F5EB912}
		{5886FBD9-8AAD-4CA6-84B8-AC15919EAFE1} = {477835BA-9916-4041-B9C8-B34C6F5EB912}
	EndGlobalSection
	GlobalSection(ExtensibilityGlobals) = postSolution
		SolutionGuid = {3202ED5A-EF11-40CD-9B56-B0B08279012F}
	EndGlobalSection
EndGlobal
